schema: '2.0'
stages:
  data_ingestion:
    cmd: python src/Sign_Language/pipeline/stage01_DataIngestion.py
    deps:
    - path: config/config.yaml
      hash: md5
      md5: 9394f2ea765a0cd6adfffa2ba286f32f
      size: 806
    - path: src/Sign_Language/pipeline/stage01_DataIngestion.py
      hash: md5
      md5: d7146267f2625e01f36d95883d4edb3c
      size: 912
    outs:
    - path: artifacts/data-ingestion
      hash: md5
      md5: 770c61b3b65ebf61bd5c8726ddf98401.dir
      size: 167326903
      nfiles: 3
  prepare_base_model:
    cmd: python src/Sign_Language/pipeline/stage02_Prepare_Base_Model.py
    deps:
    - path: config/config.yaml
      hash: md5
      md5: 9394f2ea765a0cd6adfffa2ba286f32f
      size: 806
    - path: src/Sign_Language/pipeline/stage02_Prepare_Base_Model.py
      hash: md5
      md5: b5b997fcd89cb5d115d81ef3f1c3a450
      size: 890
    params:
      params.yaml:
        baseModelParams.Conv1D_1: 64
        baseModelParams.Conv1D_2: 128
        baseModelParams.Dense_layer: 128
        baseModelParams.Dropout1: 0.2
        baseModelParams.Dropout2: 0.5
        baseModelParams.NumOfClasses: 39
        baseModelParams.input_shape: 63
        baseModelParams.pool_size: 2
    outs:
    - path: artifacts/prepare_base_model
      hash: md5
      md5: 6b5aac45c6c44f34f5980bde8c2e29ac.dir
      size: 2045288
      nfiles: 1
  training:
    cmd: python src/Sign_Language/pipeline/stage03_training.py
    deps:
    - path: artifacts/data-ingestion
      hash: md5
      md5: 770c61b3b65ebf61bd5c8726ddf98401.dir
      size: 167326903
      nfiles: 3
    - path: artifacts/prepare_base_model
      hash: md5
      md5: 6b5aac45c6c44f34f5980bde8c2e29ac.dir
      size: 2045288
      nfiles: 1
    - path: config/config.yaml
      hash: md5
      md5: 9394f2ea765a0cd6adfffa2ba286f32f
      size: 806
    - path: src/Sign_Language/components/prepare_callbacks.py
      hash: md5
      md5: 02feae6f60d7dab4da61d380d755eef3
      size: 947
    - path: src/Sign_Language/pipeline/stage03_training.py
      hash: md5
      md5: 8be3425153d393e03702c2d63a556319
      size: 1198
    params:
      params.yaml:
        baseModelParams.BATCH_SIZE: 100
        baseModelParams.EPOCHS: 13
        baseModelParams.input_shape: 63
    outs:
    - path: artifacts/training/model.h5
      hash: md5
      md5: 813f31a178f5f2e66abdad5729fcb7c4
      size: 6107996
